
Microsoft Visual Studio Solution File, Format Version 12.00
# Visual Studio Version 16
VisualStudioVersion = 16.0.30611.23
MinimumVisualStudioVersion = 10.0.40219.1
Project("{FAE04EC0-301F-11D3-BF4B-00C04F79EFBC}") = "Demo.web", "Demo.web\Demo.web.csproj", "{C66EB5E7-8CC1-4AF4-8CCE-D854E2AC79B3}"
EndProject
Global
	GlobalSection(SolutionConfigurationPlatforms) = preSolution
		Debug|Any CPU = Debug|Any CPU
		Release|Any CPU = Release|Any CPU
	EndGlobalSection
	GlobalSection(ProjectConfigurationPlatforms) = postSolution
		{C66EB5E7-8CC1-4AF4-8CCE-D854E2AC79B3}.Debug|Any CPU.ActiveCfg = Debug|Any CPU
		{C66EB5E7-8CC1-4AF4-8CCE-D854E2AC79B3}.Debug|Any CPU.Build.0 = Debug|Any CPU
		{C66EB5E7-8CC1-4AF4-8CCE-D854E2AC79B3}.Release|Any CPU.ActiveCfg = Release|Any CPU
		{C66EB5E7-8CC1-4AF4-8CCE-D854E2AC79B3}.Release|Any CPU.Build.0 = Release|Any CPU
	EndGlobalSection
	GlobalSection(SolutionProperties) = preSolution
		HideSolutionNode = FALSE
	EndGlobalSection
	GlobalSection(ExtensibilityGlobals) = postSolution
		SolutionGuid = {D6C8F33B-6CEA-4B21-B51A-31B2227D2F37}
	EndGlobalSection
EndGlobal
